
Microsoft Visual Studio Solution File, Format Version 12.00
# Visual Studio Version 16
VisualStudioVersion = 16.0.28822.285
MinimumVisualStudioVersion = 10.0.40219.1
Project("{FAE04EC0-301F-11D3-BF4B-00C04F79EFBC}") = "MvvmTetris.Engine", "MvvmTetris.Engine\MvvmTetris.Engine.csproj", "{B0F21E39-216B-4F31-AE9E-8F3835C762C7}"
EndProject
Project("{FAE04EC0-301F-11D3-BF4B-00C04F79EFBC}") = "MvvmTetris.CoreLib", "MvvmTetris.CoreLib\MvvmTetris.CoreLib.csproj", "{26B5CDC3-1204-4406-8249-14ADE155EF9E}"
EndProject
Global
	GlobalSection(SolutionConfigurationPlatforms) = preSolution
		Debug|Any CPU = Debug|Any CPU
		Release|Any CPU = Release|Any CPU
	EndGlobalSection
	GlobalSection(ProjectConfigurationPlatforms) = postSolution
		{B0F21E39-216B-4F31-AE9E-8F3835C762C7}.Debug|Any CPU.ActiveCfg = Debug|Any CPU
		{B0F21E39-216B-4F31-AE9E-8F3835C762C7}.Debug|Any CPU.Build.0 = Debug|Any CPU
		{B0F21E39-216B-4F31-AE9E-8F3835C762C7}.Release|Any CPU.ActiveCfg = Release|Any CPU
		{B0F21E39-216B-4F31-AE9E-8F3835C762C7}.Release|Any CPU.Build.0 = Release|Any CPU
		{26B5CDC3-1204-4406-8249-14ADE155EF9E}.Debug|Any CPU.ActiveCfg = Debug|Any CPU
		{26B5CDC3-1204-4406-8249-14ADE155EF9E}.Debug|Any CPU.Build.0 = Debug|Any CPU
		{26B5CDC3-1204-4406-8249-14ADE155EF9E}.Release|Any CPU.ActiveCfg = Release|Any CPU
		{26B5CDC3-1204-4406-8249-14ADE155EF9E}.Release|Any CPU.Build.0 = Release|Any CPU
	EndGlobalSection
	GlobalSection(SolutionProperties) = preSolution
		HideSolutionNode = FALSE
	EndGlobalSection
	GlobalSection(ExtensibilityGlobals) = postSolution
		SolutionGuid = {B56870C7-527C-48B8-8377-8EEDA46EAC97}
	EndGlobalSection
EndGlobal
